{
  "nodes": {
    "home-manager": {
      "inputs": {
        "nixpkgs": [
          "nixpkgs"
        ],
        "utils": "utils"
      },
      "locked": {
        "lastModified": 1666649150,
        "narHash": "sha256-kINnLxC0KFalUk4tVO/H5hUU7FVAOYYcUSWrsBpnl+I=",
        "owner": "nix-community",
        "repo": "home-manager",
        "rev": "7dc4e4ebd71280842b4d30975439980baaac9db8",
        "type": "github"
      },
      "original": {
        "owner": "nix-community",
        "repo": "home-manager",
        "type": "github"
      }
    },
    "hyprland": {
      "inputs": {
        "nixpkgs": [
          "nixpkgs"
        ],
        "wlroots": "wlroots"
      },
      "locked": {
        "lastModified": 1666720398,
        "narHash": "sha256-/r/BvG3ZOM1KUL6MdVIw5gh9b1vZbKgFDLg0Otv8Bo0=",
        "owner": "hyprwm",
        "repo": "Hyprland",
        "rev": "f9a7b6bf26eec22448c90f1967d6d85835dcae70",
        "type": "github"
      },
      "original": {
        "owner": "hyprwm",
        "repo": "Hyprland",
        "type": "github"
      }
    },
    "hyprwm-contrib": {
      "inputs": {
        "nixpkgs": [
          "nixpkgs"
        ]
      },
      "locked": {
        "lastModified": 1666104453,
        "narHash": "sha256-gMH11FNZtnU7d+pIkwg9NmumJ6YvxyUP9Do43YKrd/E=",
        "owner": "hyprwm",
        "repo": "contrib",
        "rev": "5b21c74a3200ffdd48ed7764c7041d43c3cd5588",
        "type": "github"
      },
      "original": {
        "owner": "hyprwm",
        "repo": "contrib",
        "type": "github"
      }
    },
    "nixpkgs": {
      "locked": {
        "lastModified": 1666703756,
        "narHash": "sha256-GwpMJ1hT+z1fMAUkaGtvbvofJQwdVFDEGVhfE82+AUk=",
        "owner": "NixOS",
        "repo": "nixpkgs",
        "rev": "f994293d1eb8812f032e8919e10a594567cf6ef7",
        "type": "github"
      },
      "original": {
        "owner": "NixOS",
        "ref": "nixos-unstable",
        "repo": "nixpkgs",
        "type": "github"
      }
    },
    "root": {
      "inputs": {
        "home-manager": "home-manager",
        "hyprland": "hyprland",
        "hyprwm-contrib": "hyprwm-contrib",
        "nixpkgs": "nixpkgs"
      }
    },
    "utils": {
      "locked": {
        "lastModified": 1659877975,
        "narHash": "sha256-zllb8aq3YO3h8B/U0/J1WBgAL8EX5yWf5pMj3G0NAmc=",
        "owner": "numtide",
        "repo": "flake-utils",
        "rev": "c0e246b9b83f637f4681389ecabcb2681b4f3af0",
        "type": "github"
      },
      "original": {
        "owner": "numtide",
        "repo": "flake-utils",
        "type": "github"
      }
    },
    "wlroots": {
      "flake": false,
      "locked": {
        "host": "gitlab.freedesktop.org",
        "lastModified": 1666466001,
        "narHash": "sha256-ZjxAnqtcGmHQHKL1Z9sIraDnzIqrJleWcJXfPtzAm74=",
        "owner": "wlroots",
        "repo": "wlroots",
        "rev": "c2d2773df57750081b16d56da13b5015d752cbd7",
        "type": "gitlab"
      },
      "original": {
        "host": "gitlab.freedesktop.org",
        "owner": "wlroots",
        "repo": "wlroots",
        "type": "gitlab"
      }
    }
  },
  "root": "root",
  "version": 7
}
