{
  "nodes": {
    "doasedit-git": {
      "flake": false,
      "locked": {
        "lastModified": 1668174837,
        "narHash": "sha256-4m2NNtIeXNaGECyaq3xjW5e727ePGuAEgx4iYGbjRU8=",
        "ref": "refs/heads/main",
        "rev": "5b91f7683df69033fd657e1553dd5390289d6c61",
        "revCount": 19,
        "type": "git",
        "url": "https://codeberg.org/TotallyLeGIT/doasedit"
      },
      "original": {
        "type": "git",
        "url": "https://codeberg.org/TotallyLeGIT/doasedit"
      }
    },
    "home-manager": {
      "inputs": {
        "nixpkgs": [
          "nixpkgs"
        ],
        "utils": "utils"
      },
      "locked": {
        "lastModified": 1668332334,
        "narHash": "sha256-YT1qcE/MCqBO1Bi/Yr6GcFpNKsvmzrBKh8juyXDbxQc=",
        "owner": "nix-community",
        "repo": "home-manager",
        "rev": "bc90de24d898655542589237cc0a6ada7564cb6c",
        "type": "github"
      },
      "original": {
        "owner": "nix-community",
        "repo": "home-manager",
        "type": "github"
      }
    },
    "hyprland": {
      "inputs": {
        "nixpkgs": [
          "nixpkgs"
        ],
        "wlroots": "wlroots"
      },
      "locked": {
        "lastModified": 1668612936,
        "narHash": "sha256-C5p+LpueYK9tI3F+7hKBVjYxn7gk2kW4kxe/jasIbuk=",
        "owner": "hyprwm",
        "repo": "Hyprland",
        "rev": "c02bfc3897137439596df4670cef2441d24c8367",
        "type": "github"
      },
      "original": {
        "owner": "hyprwm",
        "repo": "Hyprland",
        "type": "github"
      }
    },
    "hyprwm-contrib": {
      "inputs": {
        "nixpkgs": [
          "nixpkgs"
        ]
      },
      "locked": {
        "lastModified": 1666104453,
        "narHash": "sha256-gMH11FNZtnU7d+pIkwg9NmumJ6YvxyUP9Do43YKrd/E=",
        "owner": "hyprwm",
        "repo": "contrib",
        "rev": "5b21c74a3200ffdd48ed7764c7041d43c3cd5588",
        "type": "github"
      },
      "original": {
        "owner": "hyprwm",
        "repo": "contrib",
        "type": "github"
      }
    },
    "nixpkgs": {
      "locked": {
        "lastModified": 1668596599,
        "narHash": "sha256-rhHyZTGI31/OfgYa9xF49UTchDXTI94pEsSNa0fOkpk=",
        "owner": "NixOS",
        "repo": "nixpkgs",
        "rev": "b457130e8a21608675ddf12c7d85227b22a27112",
        "type": "github"
      },
      "original": {
        "owner": "NixOS",
        "ref": "nixos-unstable",
        "repo": "nixpkgs",
        "type": "github"
      }
    },
    "root": {
      "inputs": {
        "doasedit-git": "doasedit-git",
        "home-manager": "home-manager",
        "hyprland": "hyprland",
        "hyprwm-contrib": "hyprwm-contrib",
        "nixpkgs": "nixpkgs"
      }
    },
    "utils": {
      "locked": {
        "lastModified": 1667395993,
        "narHash": "sha256-nuEHfE/LcWyuSWnS8t12N1wc105Qtau+/OdUAjtQ0rA=",
        "owner": "numtide",
        "repo": "flake-utils",
        "rev": "5aed5285a952e0b949eb3ba02c12fa4fcfef535f",
        "type": "github"
      },
      "original": {
        "owner": "numtide",
        "repo": "flake-utils",
        "type": "github"
      }
    },
    "wlroots": {
      "flake": false,
      "locked": {
        "host": "gitlab.freedesktop.org",
        "lastModified": 1668292512,
        "narHash": "sha256-lCMnIguyZgAGq7W2IwIVPoQS8fAfZ/XFwz/1TQ53eI8=",
        "owner": "wlroots",
        "repo": "wlroots",
        "rev": "627a5c511278e67c3c308cdc6a639cbb490f48c3",
        "type": "gitlab"
      },
      "original": {
        "host": "gitlab.freedesktop.org",
        "owner": "wlroots",
        "repo": "wlroots",
        "type": "gitlab"
      }
    }
  },
  "root": "root",
  "version": 7
}
